<Solution>
  <Project Path="BibliotecaContextosDb/BibliotecaContextosDb.csproj" Id="6bc079bf-dc53-44b4-bb55-222ef7f7c643" />
  <Project Path="BlazorSeguridad2026.Seguridad/BlazorSeguridad2026.Base.csproj" Id="c4ff405b-3ba2-4980-a679-57a4b3531d84" />
  <Project Path="BlazorSeguridad2026/BlazorSeguridad2026.Client/BlazorSeguridad2026.Client.csproj" />
  <Project Path="BlazorSeguridad2026/BlazorSeguridad2026/BlazorSeguridad2026.csproj" />
</Solution>
