<Solution>
  <Project Path="BlazorSeguridad2026/BlazorSeguridad2026.Client/BlazorSeguridad2026.Client.csproj" />
  <Project Path="BlazorSeguridad2026/BlazorSeguridad2026/BlazorSeguridad2026.csproj" />
  <Project Path="D:/repos/jaruiz1961-ual/EjemplosClaseDWM/BlazorSeguridad2026/BlazorSeguridad2026/DataBase/Shares.csproj" />
</Solution>
