
Microsoft Visual Studio Solution File, Format Version 12.00
# Visual Studio Version 17
VisualStudioVersion = 17.14.36414.22 d17.14
MinimumVisualStudioVersion = 10.0.40219.1
Project("{FAE04EC0-301F-11D3-BF4B-00C04F79EFBC}") = "MinimalAPIs", "MinimalAPIs\MinimalAPIs.csproj", "{6186A7DD-ACD2-4978-978D-89581DBA3B82}"
EndProject
Project("{FAE04EC0-301F-11D3-BF4B-00C04F79EFBC}") = "Domain", "Domain\Domain.csproj", "{8DF1B815-2647-449F-AD2E-855A4A1F580D}"
EndProject
Global
	GlobalSection(SolutionConfigurationPlatforms) = preSolution
		Debug|Any CPU = Debug|Any CPU
		Release|Any CPU = Release|Any CPU
	EndGlobalSection
	GlobalSection(ProjectConfigurationPlatforms) = postSolution
		{6186A7DD-ACD2-4978-978D-89581DBA3B82}.Debug|Any CPU.ActiveCfg = Debug|Any CPU
		{6186A7DD-ACD2-4978-978D-89581DBA3B82}.Debug|Any CPU.Build.0 = Debug|Any CPU
		{6186A7DD-ACD2-4978-978D-89581DBA3B82}.Release|Any CPU.ActiveCfg = Release|Any CPU
		{6186A7DD-ACD2-4978-978D-89581DBA3B82}.Release|Any CPU.Build.0 = Release|Any CPU
		{8DF1B815-2647-449F-AD2E-855A4A1F580D}.Debug|Any CPU.ActiveCfg = Debug|Any CPU
		{8DF1B815-2647-449F-AD2E-855A4A1F580D}.Debug|Any CPU.Build.0 = Debug|Any CPU
		{8DF1B815-2647-449F-AD2E-855A4A1F580D}.Release|Any CPU.ActiveCfg = Release|Any CPU
		{8DF1B815-2647-449F-AD2E-855A4A1F580D}.Release|Any CPU.Build.0 = Release|Any CPU
	EndGlobalSection
	GlobalSection(SolutionProperties) = preSolution
		HideSolutionNode = FALSE
	EndGlobalSection
	GlobalSection(ExtensibilityGlobals) = postSolution
		SolutionGuid = {FA8239C7-6871-491B-80CA-788062DC7A0D}
	EndGlobalSection
EndGlobal
