
Microsoft Visual Studio Solution File, Format Version 12.00
# Visual Studio Version 17
VisualStudioVersion = 17.14.36518.9
MinimumVisualStudioVersion = 10.0.40219.1
Project("{FAE04EC0-301F-11D3-BF4B-00C04F79EFBC}") = "BlazorAppServerBlazorise2025", "BlazorAppServerBlazorise2025\BlazorAppServerBlazorise2025.csproj", "{DBDC96E6-4BAB-47C6-8E91-EAEABE045BDC}"
EndProject
Global
	GlobalSection(SolutionConfigurationPlatforms) = preSolution
		Debug|Any CPU = Debug|Any CPU
		Release|Any CPU = Release|Any CPU
	EndGlobalSection
	GlobalSection(ProjectConfigurationPlatforms) = postSolution
		{DBDC96E6-4BAB-47C6-8E91-EAEABE045BDC}.Debug|Any CPU.ActiveCfg = Debug|Any CPU
		{DBDC96E6-4BAB-47C6-8E91-EAEABE045BDC}.Debug|Any CPU.Build.0 = Debug|Any CPU
		{DBDC96E6-4BAB-47C6-8E91-EAEABE045BDC}.Release|Any CPU.ActiveCfg = Release|Any CPU
		{DBDC96E6-4BAB-47C6-8E91-EAEABE045BDC}.Release|Any CPU.Build.0 = Release|Any CPU
	EndGlobalSection
	GlobalSection(SolutionProperties) = preSolution
		HideSolutionNode = FALSE
	EndGlobalSection
	GlobalSection(ExtensibilityGlobals) = postSolution
		SolutionGuid = {0629A151-0B47-45E3-B6D9-DB7739E1E6BA}
	EndGlobalSection
EndGlobal
