
Microsoft Visual Studio Solution File, Format Version 12.00
# Visual Studio Version 17
VisualStudioVersion = 17.1.32421.90
MinimumVisualStudioVersion = 10.0.40219.1
Project("{9A19103F-16F7-4668-BE54-9A1E7A4F7556}") = "MauiAppXalm", "MauiAppXalm\MauiAppXalm.csproj", "{34C936DF-7901-49E8-BFC8-79949AE4DAB0}"
EndProject
Project("{FAE04EC0-301F-11D3-BF4B-00C04F79EFBC}") = "BlazorEbi9.Api", "BlazorEbi9.Api\BlazorEbi9.Api.csproj", "{2D5CA2B6-4AD7-455F-A53A-C23F995CD204}"
EndProject
Project("{FAE04EC0-301F-11D3-BF4B-00C04F79EFBC}") = "BlazorEbi9.Data", "BlazorEbi9.Data\BlazorEbi9.Data.csproj", "{865D48F8-0A4C-4C00-9842-4D4A2D0963FF}"
EndProject
Project("{FAE04EC0-301F-11D3-BF4B-00C04F79EFBC}") = "BlazorEbi9.Model", "BlazorEbi9.Model\BlazorEbi9.Model.csproj", "{41B951FF-2F75-4254-B93E-8F305E3A8407}"
EndProject
Project("{FAE04EC0-301F-11D3-BF4B-00C04F79EFBC}") = "BlazorEbi9.RestfullCore", "BlazorEbi9.RestfullCore\BlazorEbi9.RestfullCore.csproj", "{96F3D5EC-7568-4872-BB90-58E017E4F760}"
EndProject
Project("{FAE04EC0-301F-11D3-BF4B-00C04F79EFBC}") = "BlazorEbi9.ServerBlazorise", "BlazorEbi9.ServerBlazorise\BlazorEbi9.ServerBlazorise.csproj", "{6DA5DEE5-CCFA-417D-B7F5-63FDA5EC0493}"
EndProject
Project("{FAE04EC0-301F-11D3-BF4B-00C04F79EFBC}") = "BlazorEbi9.MauiBlazorApp", "BlazorEbi9.MauiBlazorApp\BlazorEbi9.MauiBlazorApp.csproj", "{F3AFED7C-4ECF-4D9C-BBA1-4788EA6C73E3}"
EndProject
Global
	GlobalSection(SolutionConfigurationPlatforms) = preSolution
		Debug|Any CPU = Debug|Any CPU
		Release|Any CPU = Release|Any CPU
	EndGlobalSection
	GlobalSection(ProjectConfigurationPlatforms) = postSolution
		{34C936DF-7901-49E8-BFC8-79949AE4DAB0}.Debug|Any CPU.ActiveCfg = Debug|Any CPU
		{34C936DF-7901-49E8-BFC8-79949AE4DAB0}.Debug|Any CPU.Build.0 = Debug|Any CPU
		{34C936DF-7901-49E8-BFC8-79949AE4DAB0}.Debug|Any CPU.Deploy.0 = Debug|Any CPU
		{34C936DF-7901-49E8-BFC8-79949AE4DAB0}.Release|Any CPU.ActiveCfg = Release|Any CPU
		{34C936DF-7901-49E8-BFC8-79949AE4DAB0}.Release|Any CPU.Build.0 = Release|Any CPU
		{34C936DF-7901-49E8-BFC8-79949AE4DAB0}.Release|Any CPU.Deploy.0 = Release|Any CPU
		{2D5CA2B6-4AD7-455F-A53A-C23F995CD204}.Debug|Any CPU.ActiveCfg = Debug|Any CPU
		{2D5CA2B6-4AD7-455F-A53A-C23F995CD204}.Debug|Any CPU.Build.0 = Debug|Any CPU
		{2D5CA2B6-4AD7-455F-A53A-C23F995CD204}.Release|Any CPU.ActiveCfg = Release|Any CPU
		{2D5CA2B6-4AD7-455F-A53A-C23F995CD204}.Release|Any CPU.Build.0 = Release|Any CPU
		{865D48F8-0A4C-4C00-9842-4D4A2D0963FF}.Debug|Any CPU.ActiveCfg = Debug|Any CPU
		{865D48F8-0A4C-4C00-9842-4D4A2D0963FF}.Debug|Any CPU.Build.0 = Debug|Any CPU
		{865D48F8-0A4C-4C00-9842-4D4A2D0963FF}.Release|Any CPU.ActiveCfg = Release|Any CPU
		{865D48F8-0A4C-4C00-9842-4D4A2D0963FF}.Release|Any CPU.Build.0 = Release|Any CPU
		{41B951FF-2F75-4254-B93E-8F305E3A8407}.Debug|Any CPU.ActiveCfg = Debug|Any CPU
		{41B951FF-2F75-4254-B93E-8F305E3A8407}.Debug|Any CPU.Build.0 = Debug|Any CPU
		{41B951FF-2F75-4254-B93E-8F305E3A8407}.Release|Any CPU.ActiveCfg = Release|Any CPU
		{41B951FF-2F75-4254-B93E-8F305E3A8407}.Release|Any CPU.Build.0 = Release|Any CPU
		{96F3D5EC-7568-4872-BB90-58E017E4F760}.Debug|Any CPU.ActiveCfg = Debug|Any CPU
		{96F3D5EC-7568-4872-BB90-58E017E4F760}.Debug|Any CPU.Build.0 = Debug|Any CPU
		{96F3D5EC-7568-4872-BB90-58E017E4F760}.Release|Any CPU.ActiveCfg = Release|Any CPU
		{96F3D5EC-7568-4872-BB90-58E017E4F760}.Release|Any CPU.Build.0 = Release|Any CPU
		{6DA5DEE5-CCFA-417D-B7F5-63FDA5EC0493}.Debug|Any CPU.ActiveCfg = Debug|Any CPU
		{6DA5DEE5-CCFA-417D-B7F5-63FDA5EC0493}.Debug|Any CPU.Build.0 = Debug|Any CPU
		{6DA5DEE5-CCFA-417D-B7F5-63FDA5EC0493}.Release|Any CPU.ActiveCfg = Release|Any CPU
		{6DA5DEE5-CCFA-417D-B7F5-63FDA5EC0493}.Release|Any CPU.Build.0 = Release|Any CPU
		{F3AFED7C-4ECF-4D9C-BBA1-4788EA6C73E3}.Debug|Any CPU.ActiveCfg = Debug|Any CPU
		{F3AFED7C-4ECF-4D9C-BBA1-4788EA6C73E3}.Debug|Any CPU.Build.0 = Debug|Any CPU
		{F3AFED7C-4ECF-4D9C-BBA1-4788EA6C73E3}.Debug|Any CPU.Deploy.0 = Debug|Any CPU
		{F3AFED7C-4ECF-4D9C-BBA1-4788EA6C73E3}.Release|Any CPU.ActiveCfg = Release|Any CPU
		{F3AFED7C-4ECF-4D9C-BBA1-4788EA6C73E3}.Release|Any CPU.Build.0 = Release|Any CPU
		{F3AFED7C-4ECF-4D9C-BBA1-4788EA6C73E3}.Release|Any CPU.Deploy.0 = Release|Any CPU
	EndGlobalSection
	GlobalSection(SolutionProperties) = preSolution
		HideSolutionNode = FALSE
	EndGlobalSection
	GlobalSection(ExtensibilityGlobals) = postSolution
		SolutionGuid = {C37C0F42-C97B-44CC-8E97-5618B5BA135F}
	EndGlobalSection
EndGlobal
