
Microsoft Visual Studio Solution File, Format Version 12.00
# Visual Studio Version 17
VisualStudioVersion = 17.14.36603.0 d17.14
MinimumVisualStudioVersion = 10.0.40219.1
Project("{FAE04EC0-301F-11D3-BF4B-00C04F79EFBC}") = "BlazorAppVideo", "BlazorAppVideo\BlazorAppVideo\BlazorAppVideo.csproj", "{F53E0408-6433-4024-BD0C-1A2091354869}"
EndProject
Project("{FAE04EC0-301F-11D3-BF4B-00C04F79EFBC}") = "BlazorAppVideo.Client", "BlazorAppVideo\BlazorAppVideo.Client\BlazorAppVideo.Client.csproj", "{5EB04ADF-5FF2-41F8-B040-2B0B3E365AEC}"
EndProject
Global
	GlobalSection(SolutionConfigurationPlatforms) = preSolution
		Debug|Any CPU = Debug|Any CPU
		Release|Any CPU = Release|Any CPU
	EndGlobalSection
	GlobalSection(ProjectConfigurationPlatforms) = postSolution
		{F53E0408-6433-4024-BD0C-1A2091354869}.Debug|Any CPU.ActiveCfg = Debug|Any CPU
		{F53E0408-6433-4024-BD0C-1A2091354869}.Debug|Any CPU.Build.0 = Debug|Any CPU
		{F53E0408-6433-4024-BD0C-1A2091354869}.Release|Any CPU.ActiveCfg = Release|Any CPU
		{F53E0408-6433-4024-BD0C-1A2091354869}.Release|Any CPU.Build.0 = Release|Any CPU
		{5EB04ADF-5FF2-41F8-B040-2B0B3E365AEC}.Debug|Any CPU.ActiveCfg = Debug|Any CPU
		{5EB04ADF-5FF2-41F8-B040-2B0B3E365AEC}.Debug|Any CPU.Build.0 = Debug|Any CPU
		{5EB04ADF-5FF2-41F8-B040-2B0B3E365AEC}.Release|Any CPU.ActiveCfg = Release|Any CPU
		{5EB04ADF-5FF2-41F8-B040-2B0B3E365AEC}.Release|Any CPU.Build.0 = Release|Any CPU
	EndGlobalSection
	GlobalSection(SolutionProperties) = preSolution
		HideSolutionNode = FALSE
	EndGlobalSection
	GlobalSection(ExtensibilityGlobals) = postSolution
		SolutionGuid = {952E214E-14BD-482E-B13B-A476BD0FF8CE}
	EndGlobalSection
EndGlobal
