
Microsoft Visual Studio Solution File, Format Version 12.00
# Visual Studio Version 17
VisualStudioVersion = 17.14.36408.4
MinimumVisualStudioVersion = 10.0.40219.1
Project("{2150E333-8FDC-42A3-9474-1A3956D46DE8}") = "src", "src", "{02EA681E-C7D8-13C7-8484-4AC65E1B71E8}"
EndProject
Project("{2150E333-8FDC-42A3-9474-1A3956D46DE8}") = "API", "API", "{F5C0ED67-10EF-4AB5-998A-2FB268608866}"
EndProject
Project("{2150E333-8FDC-42A3-9474-1A3956D46DE8}") = "Core", "Core", "{CA697211-48A6-46DC-97F0-52740BD1904A}"
EndProject
Project("{2150E333-8FDC-42A3-9474-1A3956D46DE8}") = "Infraestructure", "Infraestructure", "{CF56F4D2-E517-4B91-9E11-B55760EB3D47}"
EndProject
Project("{2150E333-8FDC-42A3-9474-1A3956D46DE8}") = "Common", "Common", "{8DE1CD4D-B9AF-4D4D-91BB-F058A629C625}"
EndProject
Project("{FAE04EC0-301F-11D3-BF4B-00C04F79EFBC}") = "Sosa.Reservas.API", "Sosa.Reservas.API\Sosa.Reservas.API.csproj", "{71B2CC70-6226-4227-BB09-ABC98AC72E85}"
EndProject
Project("{FAE04EC0-301F-11D3-BF4B-00C04F79EFBC}") = "Sosa.Reservas.Domain", "Sosa.Reservas.Domain\Sosa.Reservas.Domain.csproj", "{882D4A52-587E-42C3-B0C1-14754B25CB61}"
EndProject
Project("{FAE04EC0-301F-11D3-BF4B-00C04F79EFBC}") = "Sosa.Reservas.Application", "Sosa.Reservas.Application\Sosa.Reservas.Application.csproj", "{C6E275DA-B1CC-44D7-B723-672270DFB661}"
EndProject
Project("{FAE04EC0-301F-11D3-BF4B-00C04F79EFBC}") = "Sosa.Reservas.Persistence", "Sosa.Reservas.Persistence\Sosa.Reservas.Persistence.csproj", "{0B57EA12-CF9C-4D20-99F2-304239997438}"
EndProject
Project("{FAE04EC0-301F-11D3-BF4B-00C04F79EFBC}") = "Sosa.Reservas.External", "Sosa.Reservas.External\Sosa.Reservas.External.csproj", "{F0C3A422-9B5D-44F5-A7D1-CF4F626FE280}"
EndProject
Project("{FAE04EC0-301F-11D3-BF4B-00C04F79EFBC}") = "Sosa.Reservas.Common", "Sosa.Reservas.Common\Sosa.Reservas.Common.csproj", "{4E8BD764-90CB-4938-883D-CE99F723F2B1}"
EndProject
Project("{2150E333-8FDC-42A3-9474-1A3956D46DE8}") = "test", "test", "{C1534B30-33B8-4AD3-BCBB-AAF81B23CEB0}"
EndProject
Project("{FAE04EC0-301F-11D3-BF4B-00C04F79EFBC}") = "Sosa.Reservas.Application.Tests", "Sosa.Reservas.Application.Tests\Sosa.Reservas.Application.Tests.csproj", "{B2D50A46-02F2-462C-89B9-A1A86295B144}"
EndProject
Global
	GlobalSection(SolutionConfigurationPlatforms) = preSolution
		Debug|Any CPU = Debug|Any CPU
		Release|Any CPU = Release|Any CPU
	EndGlobalSection
	GlobalSection(ProjectConfigurationPlatforms) = postSolution
		{71B2CC70-6226-4227-BB09-ABC98AC72E85}.Debug|Any CPU.ActiveCfg = Debug|Any CPU
		{71B2CC70-6226-4227-BB09-ABC98AC72E85}.Debug|Any CPU.Build.0 = Debug|Any CPU
		{71B2CC70-6226-4227-BB09-ABC98AC72E85}.Release|Any CPU.ActiveCfg = Release|Any CPU
		{71B2CC70-6226-4227-BB09-ABC98AC72E85}.Release|Any CPU.Build.0 = Release|Any CPU
		{882D4A52-587E-42C3-B0C1-14754B25CB61}.Debug|Any CPU.ActiveCfg = Debug|Any CPU
		{882D4A52-587E-42C3-B0C1-14754B25CB61}.Debug|Any CPU.Build.0 = Debug|Any CPU
		{882D4A52-587E-42C3-B0C1-14754B25CB61}.Release|Any CPU.ActiveCfg = Release|Any CPU
		{882D4A52-587E-42C3-B0C1-14754B25CB61}.Release|Any CPU.Build.0 = Release|Any CPU
		{C6E275DA-B1CC-44D7-B723-672270DFB661}.Debug|Any CPU.ActiveCfg = Debug|Any CPU
		{C6E275DA-B1CC-44D7-B723-672270DFB661}.Debug|Any CPU.Build.0 = Debug|Any CPU
		{C6E275DA-B1CC-44D7-B723-672270DFB661}.Release|Any CPU.ActiveCfg = Release|Any CPU
		{C6E275DA-B1CC-44D7-B723-672270DFB661}.Release|Any CPU.Build.0 = Release|Any CPU
		{0B57EA12-CF9C-4D20-99F2-304239997438}.Debug|Any CPU.ActiveCfg = Debug|Any CPU
		{0B57EA12-CF9C-4D20-99F2-304239997438}.Debug|Any CPU.Build.0 = Debug|Any CPU
		{0B57EA12-CF9C-4D20-99F2-304239997438}.Release|Any CPU.ActiveCfg = Release|Any CPU
		{0B57EA12-CF9C-4D20-99F2-304239997438}.Release|Any CPU.Build.0 = Release|Any CPU
		{F0C3A422-9B5D-44F5-A7D1-CF4F626FE280}.Debug|Any CPU.ActiveCfg = Debug|Any CPU
		{F0C3A422-9B5D-44F5-A7D1-CF4F626FE280}.Debug|Any CPU.Build.0 = Debug|Any CPU
		{F0C3A422-9B5D-44F5-A7D1-CF4F626FE280}.Release|Any CPU.ActiveCfg = Release|Any CPU
		{F0C3A422-9B5D-44F5-A7D1-CF4F626FE280}.Release|Any CPU.Build.0 = Release|Any CPU
		{4E8BD764-90CB-4938-883D-CE99F723F2B1}.Debug|Any CPU.ActiveCfg = Debug|Any CPU
		{4E8BD764-90CB-4938-883D-CE99F723F2B1}.Debug|Any CPU.Build.0 = Debug|Any CPU
		{4E8BD764-90CB-4938-883D-CE99F723F2B1}.Release|Any CPU.ActiveCfg = Release|Any CPU
		{4E8BD764-90CB-4938-883D-CE99F723F2B1}.Release|Any CPU.Build.0 = Release|Any CPU
		{B2D50A46-02F2-462C-89B9-A1A86295B144}.Debug|Any CPU.ActiveCfg = Debug|Any CPU
		{B2D50A46-02F2-462C-89B9-A1A86295B144}.Debug|Any CPU.Build.0 = Debug|Any CPU
		{B2D50A46-02F2-462C-89B9-A1A86295B144}.Release|Any CPU.ActiveCfg = Release|Any CPU
		{B2D50A46-02F2-462C-89B9-A1A86295B144}.Release|Any CPU.Build.0 = Release|Any CPU
	EndGlobalSection
	GlobalSection(SolutionProperties) = preSolution
		HideSolutionNode = FALSE
	EndGlobalSection
	GlobalSection(NestedProjects) = preSolution
		{F5C0ED67-10EF-4AB5-998A-2FB268608866} = {02EA681E-C7D8-13C7-8484-4AC65E1B71E8}
		{CA697211-48A6-46DC-97F0-52740BD1904A} = {02EA681E-C7D8-13C7-8484-4AC65E1B71E8}
		{CF56F4D2-E517-4B91-9E11-B55760EB3D47} = {02EA681E-C7D8-13C7-8484-4AC65E1B71E8}
		{8DE1CD4D-B9AF-4D4D-91BB-F058A629C625} = {02EA681E-C7D8-13C7-8484-4AC65E1B71E8}
		{71B2CC70-6226-4227-BB09-ABC98AC72E85} = {F5C0ED67-10EF-4AB5-998A-2FB268608866}
		{882D4A52-587E-42C3-B0C1-14754B25CB61} = {CA697211-48A6-46DC-97F0-52740BD1904A}
		{C6E275DA-B1CC-44D7-B723-672270DFB661} = {CA697211-48A6-46DC-97F0-52740BD1904A}
		{0B57EA12-CF9C-4D20-99F2-304239997438} = {CF56F4D2-E517-4B91-9E11-B55760EB3D47}
		{F0C3A422-9B5D-44F5-A7D1-CF4F626FE280} = {CF56F4D2-E517-4B91-9E11-B55760EB3D47}
		{4E8BD764-90CB-4938-883D-CE99F723F2B1} = {8DE1CD4D-B9AF-4D4D-91BB-F058A629C625}
		{B2D50A46-02F2-462C-89B9-A1A86295B144} = {C1534B30-33B8-4AD3-BCBB-AAF81B23CEB0}
	EndGlobalSection
	GlobalSection(ExtensibilityGlobals) = postSolution
		SolutionGuid = {7B6611B4-9B75-4961-B10E-AB831AB1E22F}
	EndGlobalSection
EndGlobal
