
Microsoft Visual Studio Solution File, Format Version 12.00
# Visual Studio Version 17
VisualStudioVersion = 17.0.31611.283
MinimumVisualStudioVersion = 10.0.40219.1
Project("{9A19103F-16F7-4668-BE54-9A1E7A4F7556}") = "TodoREST", "TodoREST\TodoREST.csproj", "{B1B95F03-C6CD-4B1F-AB7A-0E0C8CB71AA5}"
EndProject
Project("{9A19103F-16F7-4668-BE54-9A1E7A4F7556}") = "TodoAPI", "TodoAPI\TodoAPI.csproj", "{1BF67E3B-FADE-4460-8BE3-BC2C791B8E9C}"
EndProject
Project("{9A19103F-16F7-4668-BE54-9A1E7A4F7556}") = "BlazorEbi7.Model", "..\BlazorEbi7.Model\BlazorEbi7.Model.csproj", "{41FFC504-A66D-401B-9C39-94167AF9862D}"
EndProject
Project("{9A19103F-16F7-4668-BE54-9A1E7A4F7556}") = "BlazorEbi7.Data", "..\BlazorEbi7.Data\BlazorEbi7.Data.csproj", "{4CABEF2B-C842-4967-8E2E-232B34CDDE1D}"
EndProject
Project("{9A19103F-16F7-4668-BE54-9A1E7A4F7556}") = "BlazorEbi7.Api", "..\BlazorEbi7.Api\BlazorEbi7.Api.csproj", "{FC2F93F6-D8BE-4665-945C-FC945D20DA0E}"
EndProject
Project("{9A19103F-16F7-4668-BE54-9A1E7A4F7556}") = "BlazorEbi7.RestfullCore", "..\BlazorEbi7.RestfullCore\BlazorEbi7.RestfullCore.csproj", "{D0067E95-640E-4A2B-BCF6-8E26FB32B282}"
EndProject
Project("{9A19103F-16F7-4668-BE54-9A1E7A4F7556}") = "BlazorEbi7.Web", "..\BlazorEbi7.Web\BlazorEbi7.Web.csproj", "{7C621468-6B02-4F82-B831-32D3470BCF18}"
EndProject
Project("{FAE04EC0-301F-11D3-BF4B-00C04F79EFBC}") = "MauiAppBlazor.Android", "MauiAppBlazor.Android\MauiAppBlazor.Android.csproj", "{1AB90E06-3521-4928-A613-55D54BBEEE9A}"
EndProject
Global
	GlobalSection(SolutionConfigurationPlatforms) = preSolution
		Debug|Any CPU = Debug|Any CPU
		Release|Any CPU = Release|Any CPU
	EndGlobalSection
	GlobalSection(ProjectConfigurationPlatforms) = postSolution
		{B1B95F03-C6CD-4B1F-AB7A-0E0C8CB71AA5}.Debug|Any CPU.ActiveCfg = Debug|Any CPU
		{B1B95F03-C6CD-4B1F-AB7A-0E0C8CB71AA5}.Debug|Any CPU.Build.0 = Debug|Any CPU
		{B1B95F03-C6CD-4B1F-AB7A-0E0C8CB71AA5}.Debug|Any CPU.Deploy.0 = Debug|Any CPU
		{B1B95F03-C6CD-4B1F-AB7A-0E0C8CB71AA5}.Release|Any CPU.ActiveCfg = Release|Any CPU
		{B1B95F03-C6CD-4B1F-AB7A-0E0C8CB71AA5}.Release|Any CPU.Build.0 = Release|Any CPU
		{B1B95F03-C6CD-4B1F-AB7A-0E0C8CB71AA5}.Release|Any CPU.Deploy.0 = Release|Any CPU
		{1BF67E3B-FADE-4460-8BE3-BC2C791B8E9C}.Debug|Any CPU.ActiveCfg = Debug|Any CPU
		{1BF67E3B-FADE-4460-8BE3-BC2C791B8E9C}.Debug|Any CPU.Build.0 = Debug|Any CPU
		{1BF67E3B-FADE-4460-8BE3-BC2C791B8E9C}.Release|Any CPU.ActiveCfg = Release|Any CPU
		{1BF67E3B-FADE-4460-8BE3-BC2C791B8E9C}.Release|Any CPU.Build.0 = Release|Any CPU
		{41FFC504-A66D-401B-9C39-94167AF9862D}.Debug|Any CPU.ActiveCfg = Debug|Any CPU
		{41FFC504-A66D-401B-9C39-94167AF9862D}.Debug|Any CPU.Build.0 = Debug|Any CPU
		{41FFC504-A66D-401B-9C39-94167AF9862D}.Release|Any CPU.ActiveCfg = Release|Any CPU
		{41FFC504-A66D-401B-9C39-94167AF9862D}.Release|Any CPU.Build.0 = Release|Any CPU
		{4CABEF2B-C842-4967-8E2E-232B34CDDE1D}.Debug|Any CPU.ActiveCfg = Debug|Any CPU
		{4CABEF2B-C842-4967-8E2E-232B34CDDE1D}.Debug|Any CPU.Build.0 = Debug|Any CPU
		{4CABEF2B-C842-4967-8E2E-232B34CDDE1D}.Release|Any CPU.ActiveCfg = Release|Any CPU
		{4CABEF2B-C842-4967-8E2E-232B34CDDE1D}.Release|Any CPU.Build.0 = Release|Any CPU
		{FC2F93F6-D8BE-4665-945C-FC945D20DA0E}.Debug|Any CPU.ActiveCfg = Debug|Any CPU
		{FC2F93F6-D8BE-4665-945C-FC945D20DA0E}.Debug|Any CPU.Build.0 = Debug|Any CPU
		{FC2F93F6-D8BE-4665-945C-FC945D20DA0E}.Release|Any CPU.ActiveCfg = Release|Any CPU
		{FC2F93F6-D8BE-4665-945C-FC945D20DA0E}.Release|Any CPU.Build.0 = Release|Any CPU
		{D0067E95-640E-4A2B-BCF6-8E26FB32B282}.Debug|Any CPU.ActiveCfg = Debug|Any CPU
		{D0067E95-640E-4A2B-BCF6-8E26FB32B282}.Debug|Any CPU.Build.0 = Debug|Any CPU
		{D0067E95-640E-4A2B-BCF6-8E26FB32B282}.Release|Any CPU.ActiveCfg = Release|Any CPU
		{D0067E95-640E-4A2B-BCF6-8E26FB32B282}.Release|Any CPU.Build.0 = Release|Any CPU
		{7C621468-6B02-4F82-B831-32D3470BCF18}.Debug|Any CPU.ActiveCfg = Debug|Any CPU
		{7C621468-6B02-4F82-B831-32D3470BCF18}.Debug|Any CPU.Build.0 = Debug|Any CPU
		{7C621468-6B02-4F82-B831-32D3470BCF18}.Release|Any CPU.ActiveCfg = Release|Any CPU
		{7C621468-6B02-4F82-B831-32D3470BCF18}.Release|Any CPU.Build.0 = Release|Any CPU
		{1AB90E06-3521-4928-A613-55D54BBEEE9A}.Debug|Any CPU.ActiveCfg = Debug|Any CPU
		{1AB90E06-3521-4928-A613-55D54BBEEE9A}.Debug|Any CPU.Build.0 = Debug|Any CPU
		{1AB90E06-3521-4928-A613-55D54BBEEE9A}.Debug|Any CPU.Deploy.0 = Debug|Any CPU
		{1AB90E06-3521-4928-A613-55D54BBEEE9A}.Release|Any CPU.ActiveCfg = Release|Any CPU
		{1AB90E06-3521-4928-A613-55D54BBEEE9A}.Release|Any CPU.Build.0 = Release|Any CPU
		{1AB90E06-3521-4928-A613-55D54BBEEE9A}.Release|Any CPU.Deploy.0 = Release|Any CPU
	EndGlobalSection
	GlobalSection(SolutionProperties) = preSolution
		HideSolutionNode = FALSE
	EndGlobalSection
	GlobalSection(ExtensibilityGlobals) = postSolution
		SolutionGuid = {61F7FB11-1E47-470C-91E2-47F8143E1572}
	EndGlobalSection
EndGlobal
